
Microsoft Visual Studio Solution File, Format Version 12.00
# Visual Studio Version 17
VisualStudioVersion = 17.2.32516.85
MinimumVisualStudioVersion = 10.0.40219.1
Project("{FAE04EC0-301F-11D3-BF4B-00C04F79EFBC}") = "Streamish", "Streamish\Streamish.csproj", "{ACB17022-3918-4BE2-9263-DB42918C4C02}"
EndProject
Global
	GlobalSection(SolutionConfigurationPlatforms) = preSolution
		Debug|Any CPU = Debug|Any CPU
		Release|Any CPU = Release|Any CPU
	EndGlobalSection
	GlobalSection(ProjectConfigurationPlatforms) = postSolution
		{ACB17022-3918-4BE2-9263-DB42918C4C02}.Debug|Any CPU.ActiveCfg = Debug|Any CPU
		{ACB17022-3918-4BE2-9263-DB42918C4C02}.Debug|Any CPU.Build.0 = Debug|Any CPU
		{ACB17022-3918-4BE2-9263-DB42918C4C02}.Release|Any CPU.ActiveCfg = Release|Any CPU
		{ACB17022-3918-4BE2-9263-DB42918C4C02}.Release|Any CPU.Build.0 = Release|Any CPU
	EndGlobalSection
	GlobalSection(SolutionProperties) = preSolution
		HideSolutionNode = FALSE
	EndGlobalSection
	GlobalSection(ExtensibilityGlobals) = postSolution
		SolutionGuid = {8D6A1666-DD82-4C0F-A77E-3B166BF12CBF}
	EndGlobalSection
EndGlobal
